
Microsoft Visual Studio Solution File, Format Version 12.00
# Visual Studio 2013
VisualStudioVersion = 12.0.21005.1
MinimumVisualStudioVersion = 10.0.40219.1
Project("{FAE04EC0-301F-11D3-BF4B-00C04F79EFBC}") = "1.BinaryPasswords", "1.BinaryPasswords\1.BinaryPasswords.csproj", "{A88DEA85-5223-457F-9FA3-87725013C70D}"
EndProject
Project("{FAE04EC0-301F-11D3-BF4B-00C04F79EFBC}") = "2.ColorBunnies", "2.ColorBunnies\2.ColorBunnies.csproj", "{39386A84-E8F3-47EA-83DC-6CC06B49890B}"
EndProject
Project("{FAE04EC0-301F-11D3-BF4B-00C04F79EFBC}") = "3.Divisors", "3.Divisors\3.Divisors.csproj", "{CAD8F878-8389-4110-9C07-9B636E0FE51E}"
EndProject
Project("{FAE04EC0-301F-11D3-BF4B-00C04F79EFBC}") = "4.ColorBalls", "4.ColorBalls\4.ColorBalls.csproj", "{C6655A15-FD41-4384-977A-7CDD62188E7D}"
EndProject
Global
	GlobalSection(SolutionConfigurationPlatforms) = preSolution
		Debug|Any CPU = Debug|Any CPU
		Release|Any CPU = Release|Any CPU
	EndGlobalSection
	GlobalSection(ProjectConfigurationPlatforms) = postSolution
		{A88DEA85-5223-457F-9FA3-87725013C70D}.Debug|Any CPU.ActiveCfg = Debug|Any CPU
		{A88DEA85-5223-457F-9FA3-87725013C70D}.Debug|Any CPU.Build.0 = Debug|Any CPU
		{A88DEA85-5223-457F-9FA3-87725013C70D}.Release|Any CPU.ActiveCfg = Release|Any CPU
		{A88DEA85-5223-457F-9FA3-87725013C70D}.Release|Any CPU.Build.0 = Release|Any CPU
		{39386A84-E8F3-47EA-83DC-6CC06B49890B}.Debug|Any CPU.ActiveCfg = Debug|Any CPU
		{39386A84-E8F3-47EA-83DC-6CC06B49890B}.Debug|Any CPU.Build.0 = Debug|Any CPU
		{39386A84-E8F3-47EA-83DC-6CC06B49890B}.Release|Any CPU.ActiveCfg = Release|Any CPU
		{39386A84-E8F3-47EA-83DC-6CC06B49890B}.Release|Any CPU.Build.0 = Release|Any CPU
		{CAD8F878-8389-4110-9C07-9B636E0FE51E}.Debug|Any CPU.ActiveCfg = Debug|Any CPU
		{CAD8F878-8389-4110-9C07-9B636E0FE51E}.Debug|Any CPU.Build.0 = Debug|Any CPU
		{CAD8F878-8389-4110-9C07-9B636E0FE51E}.Release|Any CPU.ActiveCfg = Release|Any CPU
		{CAD8F878-8389-4110-9C07-9B636E0FE51E}.Release|Any CPU.Build.0 = Release|Any CPU
		{C6655A15-FD41-4384-977A-7CDD62188E7D}.Debug|Any CPU.ActiveCfg = Debug|Any CPU
		{C6655A15-FD41-4384-977A-7CDD62188E7D}.Debug|Any CPU.Build.0 = Debug|Any CPU
		{C6655A15-FD41-4384-977A-7CDD62188E7D}.Release|Any CPU.ActiveCfg = Release|Any CPU
		{C6655A15-FD41-4384-977A-7CDD62188E7D}.Release|Any CPU.Build.0 = Release|Any CPU
	EndGlobalSection
	GlobalSection(SolutionProperties) = preSolution
		HideSolutionNode = FALSE
	EndGlobalSection
EndGlobal
