
Microsoft Visual Studio Solution File, Format Version 12.00
# Visual Studio 2013
VisualStudioVersion = 12.0.21005.1
MinimumVisualStudioVersion = 10.0.40219.1
Project("{FAE04EC0-301F-11D3-BF4B-00C04F79EFBC}") = "01.CartesianCoordinateSystem", "01.CartesianCoordinateSystem\01.CartesianCoordinateSystem.csproj", "{231C2F46-EA48-4D31-9B77-48D428CC7647}"
EndProject
Project("{FAE04EC0-301F-11D3-BF4B-00C04F79EFBC}") = "02.MissCat", "02.MissCat\02.MissCat.csproj", "{F7D7C5F2-0F6F-4C7A-ACB1-793D91AFE790}"
EndProject
Project("{FAE04EC0-301F-11D3-BF4B-00C04F79EFBC}") = "03.ForestRoad", "03.ForestRoad\03.ForestRoad.csproj", "{C341BA3D-65F4-4900-9BCF-8E0ED20A897B}"
EndProject
Project("{FAE04EC0-301F-11D3-BF4B-00C04F79EFBC}") = "04.Binary Digits Count", "04.Binary Digits Count\04.Binary Digits Count.csproj", "{CCE49299-5B53-4F1B-9DDC-6AC35DC319B1}"
EndProject
Project("{FAE04EC0-301F-11D3-BF4B-00C04F79EFBC}") = "05.SubsetSums", "05.SubsetSums\05.SubsetSums.csproj", "{5724E36D-0846-4222-B7FA-B685653B64B2}"
EndProject
Project("{FAE04EC0-301F-11D3-BF4B-00C04F79EFBC}") = "06.MathExpression", "06.MathExpression\06.MathExpression.csproj", "{DE5BAF06-7EF7-4732-BDEC-CA7A178DDE80}"
EndProject
Project("{FAE04EC0-301F-11D3-BF4B-00C04F79EFBC}") = "07.LeastMajorityMultiple", "07.LeastMajorityMultiple\07.LeastMajorityMultiple.csproj", "{B6045F8E-9CFD-4237-8484-6FE9CBA3D272}"
EndProject
Project("{FAE04EC0-301F-11D3-BF4B-00C04F79EFBC}") = "08.Trapezoid", "08.Trapezoid\08.Trapezoid.csproj", "{BB82D7F4-479D-4CBF-A645-E3E1C25D4C58}"
EndProject
Project("{FAE04EC0-301F-11D3-BF4B-00C04F79EFBC}") = "09.OddNumber", "09.OddNumber\09.OddNumber.csproj", "{46CCBB6F-22D3-49AA-8D3F-2D9902685ED8}"
EndProject
Project("{FAE04EC0-301F-11D3-BF4B-00C04F79EFBC}") = "10.FallDown", "10.FallDown\10.FallDown.csproj", "{9D44554A-F5D6-40F1-8DAA-33B82A263FC9}"
EndProject
Project("{FAE04EC0-301F-11D3-BF4B-00C04F79EFBC}") = "11.ShipDamage", "11.ShipDamage\11.ShipDamage.csproj", "{F9FFEC39-6EDD-4633-A828-24630FDD634E}"
EndProject
Project("{FAE04EC0-301F-11D3-BF4B-00C04F79EFBC}") = "12.Tribonacci", "12.Tribonacci\12.Tribonacci.csproj", "{F8258E18-BA02-4CEE-A503-2D3F41A39B65}"
EndProject
Project("{FAE04EC0-301F-11D3-BF4B-00C04F79EFBC}") = "13.FirTree", "13.FirTree\13.FirTree.csproj", "{C9EF3BA2-C597-4F53-B7E4-9E920F1BA08B}"
EndProject
Project("{FAE04EC0-301F-11D3-BF4B-00C04F79EFBC}") = "14.WeAllLoveBits", "14.WeAllLoveBits\14.WeAllLoveBits.csproj", "{B4415EA3-230C-487F-9DB3-80CA44D1902F}"
EndProject
Project("{FAE04EC0-301F-11D3-BF4B-00C04F79EFBC}") = "15.Pillars", "15.Pillars\15.Pillars.csproj", "{2EAC319D-DBF2-443D-B7E7-A41DF373F8F3}"
EndProject
Project("{FAE04EC0-301F-11D3-BF4B-00C04F79EFBC}") = "16.FighterAttack", "16.FighterAttack\16.FighterAttack.csproj", "{4958F9C3-7516-49EA-BA37-8C5C1C02A426}"
EndProject
Project("{FAE04EC0-301F-11D3-BF4B-00C04F79EFBC}") = "17.AstrologicalDigits", "17.AstrologicalDigits\17.AstrologicalDigits.csproj", "{9450DEAB-ABC3-446C-8345-5A9AC2CAF759}"
EndProject
Project("{FAE04EC0-301F-11D3-BF4B-00C04F79EFBC}") = "18.DancingBits", "18.DancingBits\18.DancingBits.csproj", "{24D6ACC0-1743-48B0-B09C-21BCC425B9EE}"
EndProject
Project("{FAE04EC0-301F-11D3-BF4B-00C04F79EFBC}") = "19.SandGlass", "19.SandGlass\19.SandGlass.csproj", "{29EC1559-3C7F-4ED0-9745-240125A50BD8}"
EndProject
Project("{FAE04EC0-301F-11D3-BF4B-00C04F79EFBC}") = "20.Lines", "20.Lines\20.Lines.csproj", "{7754BDD6-6723-4B39-B6EB-DC5659E93759}"
EndProject
Project("{FAE04EC0-301F-11D3-BF4B-00C04F79EFBC}") = "21.NextDate", "21.NextDate\21.NextDate.csproj", "{A0785A9F-1414-427D-8DC9-CAEE6DE6661C}"
EndProject
Project("{FAE04EC0-301F-11D3-BF4B-00C04F79EFBC}") = "22.TribonacciTriangle", "22.TribonacciTriangle\22.TribonacciTriangle.csproj", "{537BEE08-ACCE-4A19-9F9D-CB2562FB8450}"
EndProject
Project("{FAE04EC0-301F-11D3-BF4B-00C04F79EFBC}") = "23.FormulaBit1", "23.FormulaBit1\23.FormulaBit1.csproj", "{D4EF99C6-7511-4320-AC61-D77F314161C3}"
EndProject
Global
	GlobalSection(SolutionConfigurationPlatforms) = preSolution
		Debug|Any CPU = Debug|Any CPU
		Release|Any CPU = Release|Any CPU
	EndGlobalSection
	GlobalSection(ProjectConfigurationPlatforms) = postSolution
		{231C2F46-EA48-4D31-9B77-48D428CC7647}.Debug|Any CPU.ActiveCfg = Debug|Any CPU
		{231C2F46-EA48-4D31-9B77-48D428CC7647}.Debug|Any CPU.Build.0 = Debug|Any CPU
		{231C2F46-EA48-4D31-9B77-48D428CC7647}.Release|Any CPU.ActiveCfg = Release|Any CPU
		{231C2F46-EA48-4D31-9B77-48D428CC7647}.Release|Any CPU.Build.0 = Release|Any CPU
		{F7D7C5F2-0F6F-4C7A-ACB1-793D91AFE790}.Debug|Any CPU.ActiveCfg = Debug|Any CPU
		{F7D7C5F2-0F6F-4C7A-ACB1-793D91AFE790}.Debug|Any CPU.Build.0 = Debug|Any CPU
		{F7D7C5F2-0F6F-4C7A-ACB1-793D91AFE790}.Release|Any CPU.ActiveCfg = Release|Any CPU
		{F7D7C5F2-0F6F-4C7A-ACB1-793D91AFE790}.Release|Any CPU.Build.0 = Release|Any CPU
		{C341BA3D-65F4-4900-9BCF-8E0ED20A897B}.Debug|Any CPU.ActiveCfg = Debug|Any CPU
		{C341BA3D-65F4-4900-9BCF-8E0ED20A897B}.Debug|Any CPU.Build.0 = Debug|Any CPU
		{C341BA3D-65F4-4900-9BCF-8E0ED20A897B}.Release|Any CPU.ActiveCfg = Release|Any CPU
		{C341BA3D-65F4-4900-9BCF-8E0ED20A897B}.Release|Any CPU.Build.0 = Release|Any CPU
		{CCE49299-5B53-4F1B-9DDC-6AC35DC319B1}.Debug|Any CPU.ActiveCfg = Debug|Any CPU
		{CCE49299-5B53-4F1B-9DDC-6AC35DC319B1}.Debug|Any CPU.Build.0 = Debug|Any CPU
		{CCE49299-5B53-4F1B-9DDC-6AC35DC319B1}.Release|Any CPU.ActiveCfg = Release|Any CPU
		{CCE49299-5B53-4F1B-9DDC-6AC35DC319B1}.Release|Any CPU.Build.0 = Release|Any CPU
		{5724E36D-0846-4222-B7FA-B685653B64B2}.Debug|Any CPU.ActiveCfg = Debug|Any CPU
		{5724E36D-0846-4222-B7FA-B685653B64B2}.Debug|Any CPU.Build.0 = Debug|Any CPU
		{5724E36D-0846-4222-B7FA-B685653B64B2}.Release|Any CPU.ActiveCfg = Release|Any CPU
		{5724E36D-0846-4222-B7FA-B685653B64B2}.Release|Any CPU.Build.0 = Release|Any CPU
		{DE5BAF06-7EF7-4732-BDEC-CA7A178DDE80}.Debug|Any CPU.ActiveCfg = Debug|Any CPU
		{DE5BAF06-7EF7-4732-BDEC-CA7A178DDE80}.Debug|Any CPU.Build.0 = Debug|Any CPU
		{DE5BAF06-7EF7-4732-BDEC-CA7A178DDE80}.Release|Any CPU.ActiveCfg = Release|Any CPU
		{DE5BAF06-7EF7-4732-BDEC-CA7A178DDE80}.Release|Any CPU.Build.0 = Release|Any CPU
		{B6045F8E-9CFD-4237-8484-6FE9CBA3D272}.Debug|Any CPU.ActiveCfg = Debug|Any CPU
		{B6045F8E-9CFD-4237-8484-6FE9CBA3D272}.Debug|Any CPU.Build.0 = Debug|Any CPU
		{B6045F8E-9CFD-4237-8484-6FE9CBA3D272}.Release|Any CPU.ActiveCfg = Release|Any CPU
		{B6045F8E-9CFD-4237-8484-6FE9CBA3D272}.Release|Any CPU.Build.0 = Release|Any CPU
		{BB82D7F4-479D-4CBF-A645-E3E1C25D4C58}.Debug|Any CPU.ActiveCfg = Debug|Any CPU
		{BB82D7F4-479D-4CBF-A645-E3E1C25D4C58}.Debug|Any CPU.Build.0 = Debug|Any CPU
		{BB82D7F4-479D-4CBF-A645-E3E1C25D4C58}.Release|Any CPU.ActiveCfg = Release|Any CPU
		{BB82D7F4-479D-4CBF-A645-E3E1C25D4C58}.Release|Any CPU.Build.0 = Release|Any CPU
		{46CCBB6F-22D3-49AA-8D3F-2D9902685ED8}.Debug|Any CPU.ActiveCfg = Debug|Any CPU
		{46CCBB6F-22D3-49AA-8D3F-2D9902685ED8}.Debug|Any CPU.Build.0 = Debug|Any CPU
		{46CCBB6F-22D3-49AA-8D3F-2D9902685ED8}.Release|Any CPU.ActiveCfg = Release|Any CPU
		{46CCBB6F-22D3-49AA-8D3F-2D9902685ED8}.Release|Any CPU.Build.0 = Release|Any CPU
		{9D44554A-F5D6-40F1-8DAA-33B82A263FC9}.Debug|Any CPU.ActiveCfg = Debug|Any CPU
		{9D44554A-F5D6-40F1-8DAA-33B82A263FC9}.Debug|Any CPU.Build.0 = Debug|Any CPU
		{9D44554A-F5D6-40F1-8DAA-33B82A263FC9}.Release|Any CPU.ActiveCfg = Release|Any CPU
		{9D44554A-F5D6-40F1-8DAA-33B82A263FC9}.Release|Any CPU.Build.0 = Release|Any CPU
		{F9FFEC39-6EDD-4633-A828-24630FDD634E}.Debug|Any CPU.ActiveCfg = Debug|Any CPU
		{F9FFEC39-6EDD-4633-A828-24630FDD634E}.Debug|Any CPU.Build.0 = Debug|Any CPU
		{F9FFEC39-6EDD-4633-A828-24630FDD634E}.Release|Any CPU.ActiveCfg = Release|Any CPU
		{F9FFEC39-6EDD-4633-A828-24630FDD634E}.Release|Any CPU.Build.0 = Release|Any CPU
		{F8258E18-BA02-4CEE-A503-2D3F41A39B65}.Debug|Any CPU.ActiveCfg = Debug|Any CPU
		{F8258E18-BA02-4CEE-A503-2D3F41A39B65}.Debug|Any CPU.Build.0 = Debug|Any CPU
		{F8258E18-BA02-4CEE-A503-2D3F41A39B65}.Release|Any CPU.ActiveCfg = Release|Any CPU
		{F8258E18-BA02-4CEE-A503-2D3F41A39B65}.Release|Any CPU.Build.0 = Release|Any CPU
		{C9EF3BA2-C597-4F53-B7E4-9E920F1BA08B}.Debug|Any CPU.ActiveCfg = Debug|Any CPU
		{C9EF3BA2-C597-4F53-B7E4-9E920F1BA08B}.Debug|Any CPU.Build.0 = Debug|Any CPU
		{C9EF3BA2-C597-4F53-B7E4-9E920F1BA08B}.Release|Any CPU.ActiveCfg = Release|Any CPU
		{C9EF3BA2-C597-4F53-B7E4-9E920F1BA08B}.Release|Any CPU.Build.0 = Release|Any CPU
		{B4415EA3-230C-487F-9DB3-80CA44D1902F}.Debug|Any CPU.ActiveCfg = Debug|Any CPU
		{B4415EA3-230C-487F-9DB3-80CA44D1902F}.Debug|Any CPU.Build.0 = Debug|Any CPU
		{B4415EA3-230C-487F-9DB3-80CA44D1902F}.Release|Any CPU.ActiveCfg = Release|Any CPU
		{B4415EA3-230C-487F-9DB3-80CA44D1902F}.Release|Any CPU.Build.0 = Release|Any CPU
		{2EAC319D-DBF2-443D-B7E7-A41DF373F8F3}.Debug|Any CPU.ActiveCfg = Debug|Any CPU
		{2EAC319D-DBF2-443D-B7E7-A41DF373F8F3}.Debug|Any CPU.Build.0 = Debug|Any CPU
		{2EAC319D-DBF2-443D-B7E7-A41DF373F8F3}.Release|Any CPU.ActiveCfg = Release|Any CPU
		{2EAC319D-DBF2-443D-B7E7-A41DF373F8F3}.Release|Any CPU.Build.0 = Release|Any CPU
		{4958F9C3-7516-49EA-BA37-8C5C1C02A426}.Debug|Any CPU.ActiveCfg = Debug|Any CPU
		{4958F9C3-7516-49EA-BA37-8C5C1C02A426}.Debug|Any CPU.Build.0 = Debug|Any CPU
		{4958F9C3-7516-49EA-BA37-8C5C1C02A426}.Release|Any CPU.ActiveCfg = Release|Any CPU
		{4958F9C3-7516-49EA-BA37-8C5C1C02A426}.Release|Any CPU.Build.0 = Release|Any CPU
		{9450DEAB-ABC3-446C-8345-5A9AC2CAF759}.Debug|Any CPU.ActiveCfg = Debug|Any CPU
		{9450DEAB-ABC3-446C-8345-5A9AC2CAF759}.Debug|Any CPU.Build.0 = Debug|Any CPU
		{9450DEAB-ABC3-446C-8345-5A9AC2CAF759}.Release|Any CPU.ActiveCfg = Release|Any CPU
		{9450DEAB-ABC3-446C-8345-5A9AC2CAF759}.Release|Any CPU.Build.0 = Release|Any CPU
		{24D6ACC0-1743-48B0-B09C-21BCC425B9EE}.Debug|Any CPU.ActiveCfg = Debug|Any CPU
		{24D6ACC0-1743-48B0-B09C-21BCC425B9EE}.Debug|Any CPU.Build.0 = Debug|Any CPU
		{24D6ACC0-1743-48B0-B09C-21BCC425B9EE}.Release|Any CPU.ActiveCfg = Release|Any CPU
		{24D6ACC0-1743-48B0-B09C-21BCC425B9EE}.Release|Any CPU.Build.0 = Release|Any CPU
		{29EC1559-3C7F-4ED0-9745-240125A50BD8}.Debug|Any CPU.ActiveCfg = Debug|Any CPU
		{29EC1559-3C7F-4ED0-9745-240125A50BD8}.Debug|Any CPU.Build.0 = Debug|Any CPU
		{29EC1559-3C7F-4ED0-9745-240125A50BD8}.Release|Any CPU.ActiveCfg = Release|Any CPU
		{29EC1559-3C7F-4ED0-9745-240125A50BD8}.Release|Any CPU.Build.0 = Release|Any CPU
		{7754BDD6-6723-4B39-B6EB-DC5659E93759}.Debug|Any CPU.ActiveCfg = Debug|Any CPU
		{7754BDD6-6723-4B39-B6EB-DC5659E93759}.Debug|Any CPU.Build.0 = Debug|Any CPU
		{7754BDD6-6723-4B39-B6EB-DC5659E93759}.Release|Any CPU.ActiveCfg = Release|Any CPU
		{7754BDD6-6723-4B39-B6EB-DC5659E93759}.Release|Any CPU.Build.0 = Release|Any CPU
		{A0785A9F-1414-427D-8DC9-CAEE6DE6661C}.Debug|Any CPU.ActiveCfg = Debug|Any CPU
		{A0785A9F-1414-427D-8DC9-CAEE6DE6661C}.Debug|Any CPU.Build.0 = Debug|Any CPU
		{A0785A9F-1414-427D-8DC9-CAEE6DE6661C}.Release|Any CPU.ActiveCfg = Release|Any CPU
		{A0785A9F-1414-427D-8DC9-CAEE6DE6661C}.Release|Any CPU.Build.0 = Release|Any CPU
		{537BEE08-ACCE-4A19-9F9D-CB2562FB8450}.Debug|Any CPU.ActiveCfg = Debug|Any CPU
		{537BEE08-ACCE-4A19-9F9D-CB2562FB8450}.Debug|Any CPU.Build.0 = Debug|Any CPU
		{537BEE08-ACCE-4A19-9F9D-CB2562FB8450}.Release|Any CPU.ActiveCfg = Release|Any CPU
		{537BEE08-ACCE-4A19-9F9D-CB2562FB8450}.Release|Any CPU.Build.0 = Release|Any CPU
		{D4EF99C6-7511-4320-AC61-D77F314161C3}.Debug|Any CPU.ActiveCfg = Debug|Any CPU
		{D4EF99C6-7511-4320-AC61-D77F314161C3}.Debug|Any CPU.Build.0 = Debug|Any CPU
		{D4EF99C6-7511-4320-AC61-D77F314161C3}.Release|Any CPU.ActiveCfg = Release|Any CPU
		{D4EF99C6-7511-4320-AC61-D77F314161C3}.Release|Any CPU.Build.0 = Release|Any CPU
	EndGlobalSection
	GlobalSection(SolutionProperties) = preSolution
		HideSolutionNode = FALSE
	EndGlobalSection
EndGlobal
