
Microsoft Visual Studio Solution File, Format Version 12.00
# Visual Studio 2013
VisualStudioVersion = 12.0.21005.1
MinimumVisualStudioVersion = 10.0.40219.1
Project("{FAE04EC0-301F-11D3-BF4B-00C04F79EFBC}") = "SchoolModel", "SchoolModel\SchoolModel.csproj", "{72D2F404-F020-4DE6-ADE8-BC82C52B9049}"
EndProject
Project("{FAE04EC0-301F-11D3-BF4B-00C04F79EFBC}") = "HumanModel", "HumanModel\HumanModel.csproj", "{7951724C-7FD0-4936-94A0-8C7FDCF5F24E}"
EndProject
Project("{FAE04EC0-301F-11D3-BF4B-00C04F79EFBC}") = "AnimalModel", "AnimalModel\AnimalModel.csproj", "{AC572717-7F6D-4BCB-819B-6009807010A6}"
EndProject
Global
	GlobalSection(SolutionConfigurationPlatforms) = preSolution
		Debug|Any CPU = Debug|Any CPU
		Release|Any CPU = Release|Any CPU
	EndGlobalSection
	GlobalSection(ProjectConfigurationPlatforms) = postSolution
		{72D2F404-F020-4DE6-ADE8-BC82C52B9049}.Debug|Any CPU.ActiveCfg = Debug|Any CPU
		{72D2F404-F020-4DE6-ADE8-BC82C52B9049}.Debug|Any CPU.Build.0 = Debug|Any CPU
		{72D2F404-F020-4DE6-ADE8-BC82C52B9049}.Release|Any CPU.ActiveCfg = Release|Any CPU
		{72D2F404-F020-4DE6-ADE8-BC82C52B9049}.Release|Any CPU.Build.0 = Release|Any CPU
		{7951724C-7FD0-4936-94A0-8C7FDCF5F24E}.Debug|Any CPU.ActiveCfg = Debug|Any CPU
		{7951724C-7FD0-4936-94A0-8C7FDCF5F24E}.Debug|Any CPU.Build.0 = Debug|Any CPU
		{7951724C-7FD0-4936-94A0-8C7FDCF5F24E}.Release|Any CPU.ActiveCfg = Release|Any CPU
		{7951724C-7FD0-4936-94A0-8C7FDCF5F24E}.Release|Any CPU.Build.0 = Release|Any CPU
		{AC572717-7F6D-4BCB-819B-6009807010A6}.Debug|Any CPU.ActiveCfg = Debug|Any CPU
		{AC572717-7F6D-4BCB-819B-6009807010A6}.Debug|Any CPU.Build.0 = Debug|Any CPU
		{AC572717-7F6D-4BCB-819B-6009807010A6}.Release|Any CPU.ActiveCfg = Release|Any CPU
		{AC572717-7F6D-4BCB-819B-6009807010A6}.Release|Any CPU.Build.0 = Release|Any CPU
	EndGlobalSection
	GlobalSection(SolutionProperties) = preSolution
		HideSolutionNode = FALSE
	EndGlobalSection
EndGlobal
