
Microsoft Visual Studio Solution File, Format Version 12.00
# Visual Studio 2013
VisualStudioVersion = 12.0.30723.0
MinimumVisualStudioVersion = 10.0.40219.1
Project("{FAE04EC0-301F-11D3-BF4B-00C04F79EFBC}") = "Articles.Models", "Articles.Models\Articles.Models.csproj", "{927AFB83-BB0C-4406-98BB-7ABC6C02C12E}"
EndProject
Project("{FAE04EC0-301F-11D3-BF4B-00C04F79EFBC}") = "Articles.Data", "Articles.Data\Articles.Data.csproj", "{F2060907-F5C0-4967-8FA6-DCAAA4BC890D}"
EndProject
Project("{FAE04EC0-301F-11D3-BF4B-00C04F79EFBC}") = "Articles.WebAPI", "Articles.WebAPI\Articles.WebAPI.csproj", "{80D4B51A-21CC-49E2-9418-EAAE0E2C6CC2}"
EndProject
Project("{FAE04EC0-301F-11D3-BF4B-00C04F79EFBC}") = "Articles.WCF", "Articles.WCF\Articles.WCF.csproj", "{A53DD9BA-6188-402E-A2B5-F2FA0FE28BD9}"
EndProject
Global
	GlobalSection(SolutionConfigurationPlatforms) = preSolution
		Debug|Any CPU = Debug|Any CPU
		Release|Any CPU = Release|Any CPU
	EndGlobalSection
	GlobalSection(ProjectConfigurationPlatforms) = postSolution
		{927AFB83-BB0C-4406-98BB-7ABC6C02C12E}.Debug|Any CPU.ActiveCfg = Debug|Any CPU
		{927AFB83-BB0C-4406-98BB-7ABC6C02C12E}.Debug|Any CPU.Build.0 = Debug|Any CPU
		{927AFB83-BB0C-4406-98BB-7ABC6C02C12E}.Release|Any CPU.ActiveCfg = Release|Any CPU
		{927AFB83-BB0C-4406-98BB-7ABC6C02C12E}.Release|Any CPU.Build.0 = Release|Any CPU
		{F2060907-F5C0-4967-8FA6-DCAAA4BC890D}.Debug|Any CPU.ActiveCfg = Debug|Any CPU
		{F2060907-F5C0-4967-8FA6-DCAAA4BC890D}.Debug|Any CPU.Build.0 = Debug|Any CPU
		{F2060907-F5C0-4967-8FA6-DCAAA4BC890D}.Release|Any CPU.ActiveCfg = Release|Any CPU
		{F2060907-F5C0-4967-8FA6-DCAAA4BC890D}.Release|Any CPU.Build.0 = Release|Any CPU
		{80D4B51A-21CC-49E2-9418-EAAE0E2C6CC2}.Debug|Any CPU.ActiveCfg = Debug|Any CPU
		{80D4B51A-21CC-49E2-9418-EAAE0E2C6CC2}.Debug|Any CPU.Build.0 = Debug|Any CPU
		{80D4B51A-21CC-49E2-9418-EAAE0E2C6CC2}.Release|Any CPU.ActiveCfg = Release|Any CPU
		{80D4B51A-21CC-49E2-9418-EAAE0E2C6CC2}.Release|Any CPU.Build.0 = Release|Any CPU
		{A53DD9BA-6188-402E-A2B5-F2FA0FE28BD9}.Debug|Any CPU.ActiveCfg = Debug|Any CPU
		{A53DD9BA-6188-402E-A2B5-F2FA0FE28BD9}.Debug|Any CPU.Build.0 = Debug|Any CPU
		{A53DD9BA-6188-402E-A2B5-F2FA0FE28BD9}.Release|Any CPU.ActiveCfg = Release|Any CPU
		{A53DD9BA-6188-402E-A2B5-F2FA0FE28BD9}.Release|Any CPU.Build.0 = Release|Any CPU
	EndGlobalSection
	GlobalSection(SolutionProperties) = preSolution
		HideSolutionNode = FALSE
	EndGlobalSection
EndGlobal
