
Microsoft Visual Studio Solution File, Format Version 12.00
# Visual Studio 2013
VisualStudioVersion = 12.0.21005.1
MinimumVisualStudioVersion = 10.0.40219.1
Project("{FAE04EC0-301F-11D3-BF4B-00C04F79EFBC}") = "1.HelloCSharp", "1.HelloCSharp\1.HelloCSharp.csproj", "{F2E30970-9D7B-46E2-8B38-D8CB538F3857}"
EndProject
Project("{FAE04EC0-301F-11D3-BF4B-00C04F79EFBC}") = "2.PrintNumbers", "2.PrintNumbers\2.PrintNumbers.csproj", "{10697CDB-8184-48D8-822C-ACDF5AA84949}"
EndProject
Project("{FAE04EC0-301F-11D3-BF4B-00C04F79EFBC}") = "3.PrintName", "3.PrintName\3.PrintName.csproj", "{BB7A9B0E-25A8-46E0-BF79-C5E525B1C1FE}"
EndProject
Project("{FAE04EC0-301F-11D3-BF4B-00C04F79EFBC}") = "4.PrintCurrentDate", "4.PrintCurrentDate\4.PrintCurrentDate.csproj", "{CF65507D-1EEA-4808-BEA5-7887770D3057}"
EndProject
Project("{FAE04EC0-301F-11D3-BF4B-00C04F79EFBC}") = "5.SquaredNumber", "5.SquaredNumber\5.SquaredNumber.csproj", "{32D3A3B3-EDF6-45E5-B3B6-B852597CD06F}"
EndProject
Project("{FAE04EC0-301F-11D3-BF4B-00C04F79EFBC}") = "7.TenYearsOlder", "7.TenYearsOlder\7.TenYearsOlder.csproj", "{B3AA6F09-93CC-40EB-B428-0E8A8762372F}"
EndProject
Project("{FAE04EC0-301F-11D3-BF4B-00C04F79EFBC}") = "6.TenTermsOfSequence", "6.TenTermsOfSequence\6.TenTermsOfSequence.csproj", "{DAB65BBF-559F-4693-A4C9-2462FD6E36A9}"
EndProject
Global
	GlobalSection(SolutionConfigurationPlatforms) = preSolution
		Debug|Any CPU = Debug|Any CPU
		Release|Any CPU = Release|Any CPU
	EndGlobalSection
	GlobalSection(ProjectConfigurationPlatforms) = postSolution
		{F2E30970-9D7B-46E2-8B38-D8CB538F3857}.Debug|Any CPU.ActiveCfg = Debug|Any CPU
		{F2E30970-9D7B-46E2-8B38-D8CB538F3857}.Debug|Any CPU.Build.0 = Debug|Any CPU
		{F2E30970-9D7B-46E2-8B38-D8CB538F3857}.Release|Any CPU.ActiveCfg = Release|Any CPU
		{F2E30970-9D7B-46E2-8B38-D8CB538F3857}.Release|Any CPU.Build.0 = Release|Any CPU
		{10697CDB-8184-48D8-822C-ACDF5AA84949}.Debug|Any CPU.ActiveCfg = Debug|Any CPU
		{10697CDB-8184-48D8-822C-ACDF5AA84949}.Debug|Any CPU.Build.0 = Debug|Any CPU
		{10697CDB-8184-48D8-822C-ACDF5AA84949}.Release|Any CPU.ActiveCfg = Release|Any CPU
		{10697CDB-8184-48D8-822C-ACDF5AA84949}.Release|Any CPU.Build.0 = Release|Any CPU
		{BB7A9B0E-25A8-46E0-BF79-C5E525B1C1FE}.Debug|Any CPU.ActiveCfg = Debug|Any CPU
		{BB7A9B0E-25A8-46E0-BF79-C5E525B1C1FE}.Debug|Any CPU.Build.0 = Debug|Any CPU
		{BB7A9B0E-25A8-46E0-BF79-C5E525B1C1FE}.Release|Any CPU.ActiveCfg = Release|Any CPU
		{BB7A9B0E-25A8-46E0-BF79-C5E525B1C1FE}.Release|Any CPU.Build.0 = Release|Any CPU
		{CF65507D-1EEA-4808-BEA5-7887770D3057}.Debug|Any CPU.ActiveCfg = Debug|Any CPU
		{CF65507D-1EEA-4808-BEA5-7887770D3057}.Debug|Any CPU.Build.0 = Debug|Any CPU
		{CF65507D-1EEA-4808-BEA5-7887770D3057}.Release|Any CPU.ActiveCfg = Release|Any CPU
		{CF65507D-1EEA-4808-BEA5-7887770D3057}.Release|Any CPU.Build.0 = Release|Any CPU
		{32D3A3B3-EDF6-45E5-B3B6-B852597CD06F}.Debug|Any CPU.ActiveCfg = Debug|Any CPU
		{32D3A3B3-EDF6-45E5-B3B6-B852597CD06F}.Debug|Any CPU.Build.0 = Debug|Any CPU
		{32D3A3B3-EDF6-45E5-B3B6-B852597CD06F}.Release|Any CPU.ActiveCfg = Release|Any CPU
		{32D3A3B3-EDF6-45E5-B3B6-B852597CD06F}.Release|Any CPU.Build.0 = Release|Any CPU
		{B3AA6F09-93CC-40EB-B428-0E8A8762372F}.Debug|Any CPU.ActiveCfg = Debug|Any CPU
		{B3AA6F09-93CC-40EB-B428-0E8A8762372F}.Debug|Any CPU.Build.0 = Debug|Any CPU
		{B3AA6F09-93CC-40EB-B428-0E8A8762372F}.Release|Any CPU.ActiveCfg = Release|Any CPU
		{B3AA6F09-93CC-40EB-B428-0E8A8762372F}.Release|Any CPU.Build.0 = Release|Any CPU
		{DAB65BBF-559F-4693-A4C9-2462FD6E36A9}.Debug|Any CPU.ActiveCfg = Debug|Any CPU
		{DAB65BBF-559F-4693-A4C9-2462FD6E36A9}.Debug|Any CPU.Build.0 = Debug|Any CPU
		{DAB65BBF-559F-4693-A4C9-2462FD6E36A9}.Release|Any CPU.ActiveCfg = Release|Any CPU
		{DAB65BBF-559F-4693-A4C9-2462FD6E36A9}.Release|Any CPU.Build.0 = Release|Any CPU
	EndGlobalSection
	GlobalSection(SolutionProperties) = preSolution
		HideSolutionNode = FALSE
	EndGlobalSection
EndGlobal
