
Microsoft Visual Studio Solution File, Format Version 12.00
# Visual Studio 2013
VisualStudioVersion = 12.0.21005.1
MinimumVisualStudioVersion = 10.0.40219.1
Project("{FAE04EC0-301F-11D3-BF4B-00C04F79EFBC}") = "KittyCraft.Models", "KittyCraft.Models\KittyCraft.Models.csproj", "{D5757846-6BCB-4C79-9C8A-172A48831D6A}"
EndProject
Project("{FAE04EC0-301F-11D3-BF4B-00C04F79EFBC}") = "KittyCraft.Data", "KittyCraft.Data\KittyCraft.Data.csproj", "{26CCB76E-AEAF-42F1-AD30-D3547FC46DF2}"
EndProject
Project("{FAE04EC0-301F-11D3-BF4B-00C04F79EFBC}") = "KittyCraft.Services", "KittyCraft.Services\KittyCraft.Services.csproj", "{FD276528-E5DE-4E47-BD2C-67349B443A4B}"
EndProject
Project("{FAE04EC0-301F-11D3-BF4B-00C04F79EFBC}") = "WebApplication1", "WebApplication1\WebApplication1.csproj", "{3629DBFF-F9DB-4A83-B59D-7B731AF78657}"
EndProject
Global
	GlobalSection(SolutionConfigurationPlatforms) = preSolution
		Debug|Any CPU = Debug|Any CPU
		Release|Any CPU = Release|Any CPU
	EndGlobalSection
	GlobalSection(ProjectConfigurationPlatforms) = postSolution
		{D5757846-6BCB-4C79-9C8A-172A48831D6A}.Debug|Any CPU.ActiveCfg = Debug|Any CPU
		{D5757846-6BCB-4C79-9C8A-172A48831D6A}.Debug|Any CPU.Build.0 = Debug|Any CPU
		{D5757846-6BCB-4C79-9C8A-172A48831D6A}.Release|Any CPU.ActiveCfg = Release|Any CPU
		{D5757846-6BCB-4C79-9C8A-172A48831D6A}.Release|Any CPU.Build.0 = Release|Any CPU
		{26CCB76E-AEAF-42F1-AD30-D3547FC46DF2}.Debug|Any CPU.ActiveCfg = Debug|Any CPU
		{26CCB76E-AEAF-42F1-AD30-D3547FC46DF2}.Debug|Any CPU.Build.0 = Debug|Any CPU
		{26CCB76E-AEAF-42F1-AD30-D3547FC46DF2}.Release|Any CPU.ActiveCfg = Release|Any CPU
		{26CCB76E-AEAF-42F1-AD30-D3547FC46DF2}.Release|Any CPU.Build.0 = Release|Any CPU
		{FD276528-E5DE-4E47-BD2C-67349B443A4B}.Debug|Any CPU.ActiveCfg = Debug|Any CPU
		{FD276528-E5DE-4E47-BD2C-67349B443A4B}.Debug|Any CPU.Build.0 = Debug|Any CPU
		{FD276528-E5DE-4E47-BD2C-67349B443A4B}.Release|Any CPU.ActiveCfg = Release|Any CPU
		{FD276528-E5DE-4E47-BD2C-67349B443A4B}.Release|Any CPU.Build.0 = Release|Any CPU
		{3629DBFF-F9DB-4A83-B59D-7B731AF78657}.Debug|Any CPU.ActiveCfg = Debug|Any CPU
		{3629DBFF-F9DB-4A83-B59D-7B731AF78657}.Debug|Any CPU.Build.0 = Debug|Any CPU
		{3629DBFF-F9DB-4A83-B59D-7B731AF78657}.Release|Any CPU.ActiveCfg = Release|Any CPU
		{3629DBFF-F9DB-4A83-B59D-7B731AF78657}.Release|Any CPU.Build.0 = Release|Any CPU
	EndGlobalSection
	GlobalSection(SolutionProperties) = preSolution
		HideSolutionNode = FALSE
	EndGlobalSection
EndGlobal
